
Microsoft Visual Studio Solution File, Format Version 12.00
# Visual Studio Version 17
VisualStudioVersion = 17.1.32228.430
MinimumVisualStudioVersion = 10.0.40219.1
Project("{9A19103F-16F7-4668-BE54-9A1E7A4F7556}") = "CoffeeShops.Web", "CoffeeShops.Web\CoffeeShops.Web.csproj", "{B153E0E0-B4BB-43D2-88B1-06CDCD190508}"
EndProject
Project("{9A19103F-16F7-4668-BE54-9A1E7A4F7556}") = "CoffeeShops.Model", "CoffeeShops.Model\CoffeeShops.Model.csproj", "{82D46E18-AA55-4032-ACB4-B069008A0861}"
EndProject
Project("{9A19103F-16F7-4668-BE54-9A1E7A4F7556}") = "CoffeeShops.DAL", "CoffeeShops.DAL\CoffeeShops.DAL.csproj", "{80FB170A-EA5B-424F-AFBE-8656630E6EAF}"
EndProject
Global
	GlobalSection(SolutionConfigurationPlatforms) = preSolution
		Debug|Any CPU = Debug|Any CPU
		Release|Any CPU = Release|Any CPU
	EndGlobalSection
	GlobalSection(ProjectConfigurationPlatforms) = postSolution
		{B153E0E0-B4BB-43D2-88B1-06CDCD190508}.Debug|Any CPU.ActiveCfg = Debug|Any CPU
		{B153E0E0-B4BB-43D2-88B1-06CDCD190508}.Debug|Any CPU.Build.0 = Debug|Any CPU
		{B153E0E0-B4BB-43D2-88B1-06CDCD190508}.Release|Any CPU.ActiveCfg = Release|Any CPU
		{B153E0E0-B4BB-43D2-88B1-06CDCD190508}.Release|Any CPU.Build.0 = Release|Any CPU
		{82D46E18-AA55-4032-ACB4-B069008A0861}.Debug|Any CPU.ActiveCfg = Debug|Any CPU
		{82D46E18-AA55-4032-ACB4-B069008A0861}.Debug|Any CPU.Build.0 = Debug|Any CPU
		{82D46E18-AA55-4032-ACB4-B069008A0861}.Release|Any CPU.ActiveCfg = Release|Any CPU
		{82D46E18-AA55-4032-ACB4-B069008A0861}.Release|Any CPU.Build.0 = Release|Any CPU
		{80FB170A-EA5B-424F-AFBE-8656630E6EAF}.Debug|Any CPU.ActiveCfg = Debug|Any CPU
		{80FB170A-EA5B-424F-AFBE-8656630E6EAF}.Debug|Any CPU.Build.0 = Debug|Any CPU
		{80FB170A-EA5B-424F-AFBE-8656630E6EAF}.Release|Any CPU.ActiveCfg = Release|Any CPU
		{80FB170A-EA5B-424F-AFBE-8656630E6EAF}.Release|Any CPU.Build.0 = Release|Any CPU
	EndGlobalSection
	GlobalSection(SolutionProperties) = preSolution
		HideSolutionNode = FALSE
	EndGlobalSection
	GlobalSection(ExtensibilityGlobals) = postSolution
		SolutionGuid = {803B5A5C-C0A4-4935-9602-02B162F84A04}
	EndGlobalSection
EndGlobal
